{
  "object": {
    "pins": [
      {
        "package": "combine-schedulers",
        "repositoryURL": "git@github.com:pointfreeco/combine-schedulers.git",
        "state": {
          "branch": "main",
          "revision": "5c337bbfe901e95bdc3113ae0129e0d231234f7c",
          "version": null
        }
      },
      {
        "package": "Kingfisher",
        "repositoryURL": "https://github.com/onevcat/Kingfisher.git",
        "state": {
          "branch": null,
          "revision": "be1a1acb283a702b99b630f586877ba02234b4cb",
          "version": "7.3.2"
        }
      },
      {
        "package": "Reachability",
        "repositoryURL": "https://github.com/ashleymills/Reachability.swift",
        "state": {
          "branch": null,
          "revision": "c01bbdf2d633cf049ae1ed1a68a2020a8bda32e2",
          "version": "5.1.0"
        }
      },
      {
        "package": "Introspect",
        "repositoryURL": "git@github.com:siteline/SwiftUI-Introspect.git",
        "state": {
          "branch": null,
          "revision": "f2616860a41f9d9932da412a8978fec79c06fe24",
          "version": "0.1.4"
        }
      },
      {
        "package": "xctest-dynamic-overlay",
        "repositoryURL": "https://github.com/pointfreeco/xctest-dynamic-overlay",
        "state": {
          "branch": null,
          "revision": "30314f1ece684dd60679d598a9b89107557b67d9",
          "version": "0.4.1"
        }
      }
    ]
  },
  "version": 1
}
